
Microsoft Visual Studio Solution File, Format Version 12.00
# Visual Studio Version 17
VisualStudioVersion = 17.13.35931.197 d17.13
MinimumVisualStudioVersion = 10.0.40219.1
Project("{FAE04EC0-301F-11D3-BF4B-00C04F79EFBC}") = "LESSON_OOP-ENCOPSULATION", "LESSON_OOP-ENCOPSULATION\LESSON_OOP-ENCOPSULATION.csproj", "{90D4C926-739E-454A-83A1-F10E741A8BB9}"
EndProject
Global
	GlobalSection(SolutionConfigurationPlatforms) = preSolution
		Debug|Any CPU = Debug|Any CPU
		Release|Any CPU = Release|Any CPU
	EndGlobalSection
	GlobalSection(ProjectConfigurationPlatforms) = postSolution
		{90D4C926-739E-454A-83A1-F10E741A8BB9}.Debug|Any CPU.ActiveCfg = Debug|Any CPU
		{90D4C926-739E-454A-83A1-F10E741A8BB9}.Debug|Any CPU.Build.0 = Debug|Any CPU
		{90D4C926-739E-454A-83A1-F10E741A8BB9}.Release|Any CPU.ActiveCfg = Release|Any CPU
		{90D4C926-739E-454A-83A1-F10E741A8BB9}.Release|Any CPU.Build.0 = Release|Any CPU
	EndGlobalSection
	GlobalSection(SolutionProperties) = preSolution
		HideSolutionNode = FALSE
	EndGlobalSection
	GlobalSection(ExtensibilityGlobals) = postSolution
		SolutionGuid = {CC071844-3E3E-4749-A9E7-0020F41F4C67}
	EndGlobalSection
EndGlobal
